
Microsoft Visual Studio Solution File, Format Version 12.00
# Visual Studio Version 17
VisualStudioVersion = 17.8.34525.116
MinimumVisualStudioVersion = 10.0.40219.1
Project("{8BC9CEB8-8B4A-11D0-8D11-00A0C91BC942}") = "1-3", "1-3\1-3.vcxproj", "{F7534D5D-757A-41D4-97D9-81F43D6D29B7}"
EndProject
Project("{8BC9CEB8-8B4A-11D0-8D11-00A0C91BC942}") = "1-4", "1-4\1-4.vcxproj", "{BC43A04E-4D06-4923-BA3C-A6B0AFF2FB2A}"
EndProject
Global
	GlobalSection(SolutionConfigurationPlatforms) = preSolution
		Debug|x64 = Debug|x64
		Debug|x86 = Debug|x86
		Release|x64 = Release|x64
		Release|x86 = Release|x86
	EndGlobalSection
	GlobalSection(ProjectConfigurationPlatforms) = postSolution
		{F7534D5D-757A-41D4-97D9-81F43D6D29B7}.Debug|x64.ActiveCfg = Debug|x64
		{F7534D5D-757A-41D4-97D9-81F43D6D29B7}.Debug|x64.Build.0 = Debug|x64
		{F7534D5D-757A-41D4-97D9-81F43D6D29B7}.Debug|x86.ActiveCfg = Debug|Win32
		{F7534D5D-757A-41D4-97D9-81F43D6D29B7}.Debug|x86.Build.0 = Debug|Win32
		{F7534D5D-757A-41D4-97D9-81F43D6D29B7}.Release|x64.ActiveCfg = Release|x64
		{F7534D5D-757A-41D4-97D9-81F43D6D29B7}.Release|x64.Build.0 = Release|x64
		{F7534D5D-757A-41D4-97D9-81F43D6D29B7}.Release|x86.ActiveCfg = Release|Win32
		{F7534D5D-757A-41D4-97D9-81F43D6D29B7}.Release|x86.Build.0 = Release|Win32
		{BC43A04E-4D06-4923-BA3C-A6B0AFF2FB2A}.Debug|x64.ActiveCfg = Debug|x64
		{BC43A04E-4D06-4923-BA3C-A6B0AFF2FB2A}.Debug|x64.Build.0 = Debug|x64
		{BC43A04E-4D06-4923-BA3C-A6B0AFF2FB2A}.Debug|x86.ActiveCfg = Debug|Win32
		{BC43A04E-4D06-4923-BA3C-A6B0AFF2FB2A}.Debug|x86.Build.0 = Debug|Win32
		{BC43A04E-4D06-4923-BA3C-A6B0AFF2FB2A}.Release|x64.ActiveCfg = Release|x64
		{BC43A04E-4D06-4923-BA3C-A6B0AFF2FB2A}.Release|x64.Build.0 = Release|x64
		{BC43A04E-4D06-4923-BA3C-A6B0AFF2FB2A}.Release|x86.ActiveCfg = Release|Win32
		{BC43A04E-4D06-4923-BA3C-A6B0AFF2FB2A}.Release|x86.Build.0 = Release|Win32
	EndGlobalSection
	GlobalSection(SolutionProperties) = preSolution
		HideSolutionNode = FALSE
	EndGlobalSection
	GlobalSection(ExtensibilityGlobals) = postSolution
		SolutionGuid = {F7B3836F-EADD-4EC8-BFB4-BF81AF2AD497}
	EndGlobalSection
EndGlobal
